
Microsoft Visual Studio Solution File, Format Version 12.00
# Visual Studio Version 16
VisualStudioVersion = 16.0.35706.149
MinimumVisualStudioVersion = 10.0.40219.1
Project("{FAE04EC0-301F-11D3-BF4B-00C04F79EFBC}") = "Client", "Client\Client.csproj", "{2DFD3ACF-7524-4923-A41C-17113C40398C}"
EndProject
Global
	GlobalSection(SolutionConfigurationPlatforms) = preSolution
		Debug|Any CPU = Debug|Any CPU
		Release|Any CPU = Release|Any CPU
	EndGlobalSection
	GlobalSection(ProjectConfigurationPlatforms) = postSolution
		{2DFD3ACF-7524-4923-A41C-17113C40398C}.Debug|Any CPU.ActiveCfg = Debug|Any CPU
		{2DFD3ACF-7524-4923-A41C-17113C40398C}.Debug|Any CPU.Build.0 = Debug|Any CPU
		{2DFD3ACF-7524-4923-A41C-17113C40398C}.Release|Any CPU.ActiveCfg = Release|Any CPU
		{2DFD3ACF-7524-4923-A41C-17113C40398C}.Release|Any CPU.Build.0 = Release|Any CPU
	EndGlobalSection
	GlobalSection(SolutionProperties) = preSolution
		HideSolutionNode = FALSE
	EndGlobalSection
	GlobalSection(ExtensibilityGlobals) = postSolution
		SolutionGuid = {37F747FB-AD35-47BB-8234-20C4A30D73C1}
	EndGlobalSection
EndGlobal
